
Microsoft Visual Studio Solution File, Format Version 12.00
# Visual Studio Version 17
VisualStudioVersion = 17.5.002.0
MinimumVisualStudioVersion = 10.0.40219.1
Project("{9A19103F-16F7-4668-BE54-9A1E7A4F7556}") = "CriptografiaDoNavio", "CriptografiaDoNavio.csproj", "{4DBB39FD-3E1D-4A3B-B378-EBB6EFB5CF15}"
EndProject
Global
	GlobalSection(SolutionConfigurationPlatforms) = preSolution
		Debug|Any CPU = Debug|Any CPU
		Release|Any CPU = Release|Any CPU
	EndGlobalSection
	GlobalSection(ProjectConfigurationPlatforms) = postSolution
		{4DBB39FD-3E1D-4A3B-B378-EBB6EFB5CF15}.Debug|Any CPU.ActiveCfg = Debug|Any CPU
		{4DBB39FD-3E1D-4A3B-B378-EBB6EFB5CF15}.Debug|Any CPU.Build.0 = Debug|Any CPU
		{4DBB39FD-3E1D-4A3B-B378-EBB6EFB5CF15}.Release|Any CPU.ActiveCfg = Release|Any CPU
		{4DBB39FD-3E1D-4A3B-B378-EBB6EFB5CF15}.Release|Any CPU.Build.0 = Release|Any CPU
	EndGlobalSection
	GlobalSection(SolutionProperties) = preSolution
		HideSolutionNode = FALSE
	EndGlobalSection
	GlobalSection(ExtensibilityGlobals) = postSolution
		SolutionGuid = {D7F405C6-85BF-4DB8-A876-8357613E6C72}
	EndGlobalSection
EndGlobal
